
Microsoft Visual Studio Solution File, Format Version 12.00
# Visual Studio Version 17
VisualStudioVersion = 17.3.32721.290
MinimumVisualStudioVersion = 10.0.40219.1
Project("{9A19103F-16F7-4668-BE54-9A1E7A4F7556}") = "SuggestionsAppUI", "SuggestionsAppUI\SuggestionsAppUI.csproj", "{48892E9D-72C0-46BD-9CC2-74723AC2919D}"
EndProject
Project("{9A19103F-16F7-4668-BE54-9A1E7A4F7556}") = "SuggestionAppLibrary", "SuggestionAppLibrary\SuggestionAppLibrary.csproj", "{BE094060-2162-414A-8321-2C0B30320F47}"
EndProject
Global
	GlobalSection(SolutionConfigurationPlatforms) = preSolution
		Debug|Any CPU = Debug|Any CPU
		Release|Any CPU = Release|Any CPU
	EndGlobalSection
	GlobalSection(ProjectConfigurationPlatforms) = postSolution
		{48892E9D-72C0-46BD-9CC2-74723AC2919D}.Debug|Any CPU.ActiveCfg = Debug|Any CPU
		{48892E9D-72C0-46BD-9CC2-74723AC2919D}.Debug|Any CPU.Build.0 = Debug|Any CPU
		{48892E9D-72C0-46BD-9CC2-74723AC2919D}.Release|Any CPU.ActiveCfg = Release|Any CPU
		{48892E9D-72C0-46BD-9CC2-74723AC2919D}.Release|Any CPU.Build.0 = Release|Any CPU
		{BE094060-2162-414A-8321-2C0B30320F47}.Debug|Any CPU.ActiveCfg = Debug|Any CPU
		{BE094060-2162-414A-8321-2C0B30320F47}.Debug|Any CPU.Build.0 = Debug|Any CPU
		{BE094060-2162-414A-8321-2C0B30320F47}.Release|Any CPU.ActiveCfg = Release|Any CPU
		{BE094060-2162-414A-8321-2C0B30320F47}.Release|Any CPU.Build.0 = Release|Any CPU
	EndGlobalSection
	GlobalSection(SolutionProperties) = preSolution
		HideSolutionNode = FALSE
	EndGlobalSection
	GlobalSection(ExtensibilityGlobals) = postSolution
		SolutionGuid = {8D700DB1-40A2-45E5-9A09-80E8FF455D86}
	EndGlobalSection
EndGlobal
